
Microsoft Visual Studio Solution File, Format Version 12.00
# Visual Studio 14
VisualStudioVersion = 14.0.24720.0
MinimumVisualStudioVersion = 10.0.40219.1
Project("{FAE04EC0-301F-11D3-BF4B-00C04F79EFBC}") = "BC.AppCloud", "BC.AppCloud\BC.AppCloud.csproj", "{7D7F0438-F149-48C6-9F6D-12027518D2F4}"
EndProject
Project("{FAE04EC0-301F-11D3-BF4B-00C04F79EFBC}") = "BC.AppCloud.Entity", "BC.AppCloud.Entity\BC.AppCloud.Entity.csproj", "{D456E556-8B91-4FC9-B275-8BE9A0DCFD68}"
EndProject
Project("{FAE04EC0-301F-11D3-BF4B-00C04F79EFBC}") = "BC.AppCloud.Common", "BC.AppCloud.Common\BC.AppCloud.Common.csproj", "{6254056C-9C91-4794-AFC9-7A71E42DC84B}"
EndProject
Project("{FAE04EC0-301F-11D3-BF4B-00C04F79EFBC}") = "BC.AppCloud.DAL", "BC.AppCloud.DAL\BC.AppCloud.DAL.csproj", "{EB5BBD9E-9F9D-47BB-BA01-90C55184CABA}"
EndProject
Project("{FAE04EC0-301F-11D3-BF4B-00C04F79EFBC}") = "BC.AppCloud.BLL", "BC.AppCloud.BLL\BC.AppCloud.BLL.csproj", "{6BC1FCB7-23DD-4515-941B-42EF744C86A7}"
EndProject
Project("{2150E333-8FDC-42A3-9474-1A3956D46DE8}") = "01-基础类", "01-基础类", "{A897B24D-E08A-4876-9797-ABC52DCEAA67}"
EndProject
Project("{FAE04EC0-301F-11D3-BF4B-00C04F79EFBC}") = "BC.ApiCloud.Web", "BC.ApiCloud.Web\BC.ApiCloud.Web.csproj", "{3D0CC037-89B0-4EAF-96D4-339CFD58D4A8}"
EndProject
Project("{2150E333-8FDC-42A3-9474-1A3956D46DE8}") = "03-ApiCooperation", "03-ApiCooperation", "{C39D67B0-5533-4878-BD84-8CC196E2599C}"
EndProject
Project("{FAE04EC0-301F-11D3-BF4B-00C04F79EFBC}") = "DemoApi", "DemoApi\DemoApi.csproj", "{17448864-BFFA-46C8-9543-8E281489418F}"
EndProject
Project("{FAE04EC0-301F-11D3-BF4B-00C04F79EFBC}") = "DemoApi.Tests", "DemoApi.Tests\DemoApi.Tests.csproj", "{40B206AC-0B73-4051-8AAA-AFA691D01866}"
EndProject
Project("{2150E333-8FDC-42A3-9474-1A3956D46DE8}") = "02-项目", "02-项目", "{901FF709-3781-49F0-863D-138AE69FC7BC}"
EndProject
Project("{2150E333-8FDC-42A3-9474-1A3956D46DE8}") = "Solution Items", "Solution Items", "{B07EA137-EC11-4A05-887E-C0C588A464AC}"
	ProjectSection(SolutionItems) = preProject
		Local.testsettings = Local.testsettings
	EndProjectSection
EndProject
Project("{FAE04EC0-301F-11D3-BF4B-00C04F79EFBC}") = "UnitTestProject1", "UnitTestProject1\UnitTestProject1.csproj", "{DC35E8EE-41FB-4ABF-A34F-6AD8AECD17E7}"
EndProject
Global
	GlobalSection(SolutionConfigurationPlatforms) = preSolution
		Debug|Any CPU = Debug|Any CPU
		Release|Any CPU = Release|Any CPU
	EndGlobalSection
	GlobalSection(ProjectConfigurationPlatforms) = postSolution
		{7D7F0438-F149-48C6-9F6D-12027518D2F4}.Debug|Any CPU.ActiveCfg = Debug|Any CPU
		{7D7F0438-F149-48C6-9F6D-12027518D2F4}.Debug|Any CPU.Build.0 = Debug|Any CPU
		{7D7F0438-F149-48C6-9F6D-12027518D2F4}.Release|Any CPU.ActiveCfg = Release|Any CPU
		{7D7F0438-F149-48C6-9F6D-12027518D2F4}.Release|Any CPU.Build.0 = Release|Any CPU
		{D456E556-8B91-4FC9-B275-8BE9A0DCFD68}.Debug|Any CPU.ActiveCfg = Debug|Any CPU
		{D456E556-8B91-4FC9-B275-8BE9A0DCFD68}.Debug|Any CPU.Build.0 = Debug|Any CPU
		{D456E556-8B91-4FC9-B275-8BE9A0DCFD68}.Release|Any CPU.ActiveCfg = Release|Any CPU
		{D456E556-8B91-4FC9-B275-8BE9A0DCFD68}.Release|Any CPU.Build.0 = Release|Any CPU
		{6254056C-9C91-4794-AFC9-7A71E42DC84B}.Debug|Any CPU.ActiveCfg = Debug|Any CPU
		{6254056C-9C91-4794-AFC9-7A71E42DC84B}.Debug|Any CPU.Build.0 = Debug|Any CPU
		{6254056C-9C91-4794-AFC9-7A71E42DC84B}.Release|Any CPU.ActiveCfg = Release|Any CPU
		{6254056C-9C91-4794-AFC9-7A71E42DC84B}.Release|Any CPU.Build.0 = Release|Any CPU
		{EB5BBD9E-9F9D-47BB-BA01-90C55184CABA}.Debug|Any CPU.ActiveCfg = Debug|Any CPU
		{EB5BBD9E-9F9D-47BB-BA01-90C55184CABA}.Debug|Any CPU.Build.0 = Debug|Any CPU
		{EB5BBD9E-9F9D-47BB-BA01-90C55184CABA}.Release|Any CPU.ActiveCfg = Release|Any CPU
		{EB5BBD9E-9F9D-47BB-BA01-90C55184CABA}.Release|Any CPU.Build.0 = Release|Any CPU
		{6BC1FCB7-23DD-4515-941B-42EF744C86A7}.Debug|Any CPU.ActiveCfg = Debug|Any CPU
		{6BC1FCB7-23DD-4515-941B-42EF744C86A7}.Debug|Any CPU.Build.0 = Debug|Any CPU
		{6BC1FCB7-23DD-4515-941B-42EF744C86A7}.Release|Any CPU.ActiveCfg = Release|Any CPU
		{6BC1FCB7-23DD-4515-941B-42EF744C86A7}.Release|Any CPU.Build.0 = Release|Any CPU
		{3D0CC037-89B0-4EAF-96D4-339CFD58D4A8}.Debug|Any CPU.ActiveCfg = Debug|Any CPU
		{3D0CC037-89B0-4EAF-96D4-339CFD58D4A8}.Debug|Any CPU.Build.0 = Debug|Any CPU
		{3D0CC037-89B0-4EAF-96D4-339CFD58D4A8}.Release|Any CPU.ActiveCfg = Release|Any CPU
		{3D0CC037-89B0-4EAF-96D4-339CFD58D4A8}.Release|Any CPU.Build.0 = Release|Any CPU
		{17448864-BFFA-46C8-9543-8E281489418F}.Debug|Any CPU.ActiveCfg = Debug|Any CPU
		{17448864-BFFA-46C8-9543-8E281489418F}.Debug|Any CPU.Build.0 = Debug|Any CPU
		{17448864-BFFA-46C8-9543-8E281489418F}.Release|Any CPU.ActiveCfg = Release|Any CPU
		{17448864-BFFA-46C8-9543-8E281489418F}.Release|Any CPU.Build.0 = Release|Any CPU
		{40B206AC-0B73-4051-8AAA-AFA691D01866}.Debug|Any CPU.ActiveCfg = Debug|Any CPU
		{40B206AC-0B73-4051-8AAA-AFA691D01866}.Debug|Any CPU.Build.0 = Debug|Any CPU
		{40B206AC-0B73-4051-8AAA-AFA691D01866}.Release|Any CPU.ActiveCfg = Release|Any CPU
		{40B206AC-0B73-4051-8AAA-AFA691D01866}.Release|Any CPU.Build.0 = Release|Any CPU
		{DC35E8EE-41FB-4ABF-A34F-6AD8AECD17E7}.Debug|Any CPU.ActiveCfg = Debug|Any CPU
		{DC35E8EE-41FB-4ABF-A34F-6AD8AECD17E7}.Debug|Any CPU.Build.0 = Debug|Any CPU
		{DC35E8EE-41FB-4ABF-A34F-6AD8AECD17E7}.Release|Any CPU.ActiveCfg = Release|Any CPU
		{DC35E8EE-41FB-4ABF-A34F-6AD8AECD17E7}.Release|Any CPU.Build.0 = Release|Any CPU
	EndGlobalSection
	GlobalSection(SolutionProperties) = preSolution
		HideSolutionNode = FALSE
	EndGlobalSection
	GlobalSection(NestedProjects) = preSolution
		{7D7F0438-F149-48C6-9F6D-12027518D2F4} = {901FF709-3781-49F0-863D-138AE69FC7BC}
		{D456E556-8B91-4FC9-B275-8BE9A0DCFD68} = {A897B24D-E08A-4876-9797-ABC52DCEAA67}
		{6254056C-9C91-4794-AFC9-7A71E42DC84B} = {A897B24D-E08A-4876-9797-ABC52DCEAA67}
		{EB5BBD9E-9F9D-47BB-BA01-90C55184CABA} = {A897B24D-E08A-4876-9797-ABC52DCEAA67}
		{6BC1FCB7-23DD-4515-941B-42EF744C86A7} = {A897B24D-E08A-4876-9797-ABC52DCEAA67}
		{3D0CC037-89B0-4EAF-96D4-339CFD58D4A8} = {901FF709-3781-49F0-863D-138AE69FC7BC}
		{17448864-BFFA-46C8-9543-8E281489418F} = {C39D67B0-5533-4878-BD84-8CC196E2599C}
		{40B206AC-0B73-4051-8AAA-AFA691D01866} = {C39D67B0-5533-4878-BD84-8CC196E2599C}
		{B07EA137-EC11-4A05-887E-C0C588A464AC} = {C39D67B0-5533-4878-BD84-8CC196E2599C}
		{DC35E8EE-41FB-4ABF-A34F-6AD8AECD17E7} = {C39D67B0-5533-4878-BD84-8CC196E2599C}
	EndGlobalSection
EndGlobal
